
Microsoft Visual Studio Solution File, Format Version 12.00
# Visual Studio Version 16
VisualStudioVersion = 16.0.31424.327
MinimumVisualStudioVersion = 10.0.40219.1
Project("{9A19103F-16F7-4668-BE54-9A1E7A4F7556}") = "HomomorphicCurrencyConverter", "HomomorphicCurrencyConverter\HomomorphicCurrencyConverter.csproj", "{0E777167-66B5-4B86-B205-B162A13BCF80}"
EndProject
Project("{FAE04EC0-301F-11D3-BF4B-00C04F79EFBC}") = "HomomorphicCurrencyConverterClient", "HomomorphicCurrencyConverterClient\HomomorphicCurrencyConverterClient.csproj", "{4E1B6111-6194-4A7B-8BBB-EF7146E227ED}"
EndProject
Global
	GlobalSection(SolutionConfigurationPlatforms) = preSolution
		Debug|Any CPU = Debug|Any CPU
		Release|Any CPU = Release|Any CPU
	EndGlobalSection
	GlobalSection(ProjectConfigurationPlatforms) = postSolution
		{0E777167-66B5-4B86-B205-B162A13BCF80}.Debug|Any CPU.ActiveCfg = Debug|Any CPU
		{0E777167-66B5-4B86-B205-B162A13BCF80}.Debug|Any CPU.Build.0 = Debug|Any CPU
		{0E777167-66B5-4B86-B205-B162A13BCF80}.Release|Any CPU.ActiveCfg = Release|Any CPU
		{0E777167-66B5-4B86-B205-B162A13BCF80}.Release|Any CPU.Build.0 = Release|Any CPU
		{4E1B6111-6194-4A7B-8BBB-EF7146E227ED}.Debug|Any CPU.ActiveCfg = Debug|Any CPU
		{4E1B6111-6194-4A7B-8BBB-EF7146E227ED}.Debug|Any CPU.Build.0 = Debug|Any CPU
		{4E1B6111-6194-4A7B-8BBB-EF7146E227ED}.Release|Any CPU.ActiveCfg = Release|Any CPU
		{4E1B6111-6194-4A7B-8BBB-EF7146E227ED}.Release|Any CPU.Build.0 = Release|Any CPU
	EndGlobalSection
	GlobalSection(SolutionProperties) = preSolution
		HideSolutionNode = FALSE
	EndGlobalSection
	GlobalSection(ExtensibilityGlobals) = postSolution
		SolutionGuid = {B7245F29-D995-41A8-B323-4F5EE005171F}
	EndGlobalSection
EndGlobal
